// !$*UTF8*$!
{
	archiveVersion = 1;
	classes = {
	};
	objectVersion = 48;
	objects = {

/* Begin PBXBuildFile section */
		690C995F1F006F8E00864897 /* MyPeripheral.swift in Sources */ = {isa = PBXBuildFile; fileRef = 690C995E1F006F8E00864897 /* MyPeripheral.swift */; };
		690C99601F0072FC00864897 /* WatchYourBluetooth.swift in Sources */ = {isa = PBXBuildFile; fileRef = 69206F441F0061FE0012365B /* WatchYourBluetooth.swift */; };
		69206F501F00625A0012365B /* ExtensionDelegate.swift in Sources */ = {isa = PBXBuildFile; fileRef = 69206F491F0061FE0012365B /* ExtensionDelegate.swift */; };
		69206F511F00625A0012365B /* InterfaceController.swift in Sources */ = {isa = PBXBuildFile; fileRef = 69C4F2D81F00607600B76FCB /* InterfaceController.swift */; };
		69206F541F00625A0012365B /* WatchYourBluetooth.swift in Sources */ = {isa = PBXBuildFile; fileRef = 69206F441F0061FE0012365B /* WatchYourBluetooth.swift */; };
		697E85761F00682E003B925C /* AppDelegate.swift in Sources */ = {isa = PBXBuildFile; fileRef = 697E85751F00682E003B925C /* AppDelegate.swift */; };
		697E85781F00682E003B925C /* ViewController.swift in Sources */ = {isa = PBXBuildFile; fileRef = 697E85771F00682E003B925C /* ViewController.swift */; };
		697E857A1F00682E003B925C /* Assets.xcassets in Resources */ = {isa = PBXBuildFile; fileRef = 697E85791F00682E003B925C /* Assets.xcassets */; };
		69C4F2B61F00607600B76FCB /* AppDelegate.swift in Sources */ = {isa = PBXBuildFile; fileRef = 69C4F2B51F00607600B76FCB /* AppDelegate.swift */; };
		69C4F2B81F00607600B76FCB /* ViewController.swift in Sources */ = {isa = PBXBuildFile; fileRef = 69C4F2B71F00607600B76FCB /* ViewController.swift */; };
		69C4F2BB1F00607600B76FCB /* Main.storyboard in Resources */ = {isa = PBXBuildFile; fileRef = 69C4F2B91F00607600B76FCB /* Main.storyboard */; };
		69C4F2BD1F00607600B76FCB /* Assets.xcassets in Resources */ = {isa = PBXBuildFile; fileRef = 69C4F2BC1F00607600B76FCB /* Assets.xcassets */; };
		69C4F2C01F00607600B76FCB /* LaunchScreen.storyboard in Resources */ = {isa = PBXBuildFile; fileRef = 69C4F2BE1F00607600B76FCB /* LaunchScreen.storyboard */; };
		69C4F2C51F00607600B76FCB /* bluetooth-demo WatchKit App.app in Embed Watch Content */ = {isa = PBXBuildFile; fileRef = 69C4F2C41F00607600B76FCB /* bluetooth-demo WatchKit App.app */; };
		69C4F2CB1F00607600B76FCB /* Interface.storyboard in Resources */ = {isa = PBXBuildFile; fileRef = 69C4F2C91F00607600B76FCB /* Interface.storyboard */; };
		69C4F2CD1F00607600B76FCB /* Assets.xcassets in Resources */ = {isa = PBXBuildFile; fileRef = 69C4F2CC1F00607600B76FCB /* Assets.xcassets */; };
		69C4F2D41F00607600B76FCB /* bluetooth-demo WatchKit Extension.appex in Embed App Extensions */ = {isa = PBXBuildFile; fileRef = 69C4F2D31F00607600B76FCB /* bluetooth-demo WatchKit Extension.appex */; settings = {ATTRIBUTES = (RemoveHeadersOnCopy, ); }; };
		69C4F2DD1F00607600B76FCB /* Assets.xcassets in Resources */ = {isa = PBXBuildFile; fileRef = 69C4F2DC1F00607600B76FCB /* Assets.xcassets */; };
		69F54F1E1F010D950005F8F5 /* WatchYourBluetooth.swift in Sources */ = {isa = PBXBuildFile; fileRef = 69206F441F0061FE0012365B /* WatchYourBluetooth.swift */; };
		69F54F261F0113840005F8F5 /* Main.storyboard in Resources */ = {isa = PBXBuildFile; fileRef = 69F54F251F01136C0005F8F5 /* Main.storyboard */; };
/* End PBXBuildFile section */

/* Begin PBXContainerItemProxy section */
		69C4F2C61F00607600B76FCB /* PBXContainerItemProxy */ = {
			isa = PBXContainerItemProxy;
			containerPortal = 69C4F2AA1F00607600B76FCB /* Project object */;
			proxyType = 1;
			remoteGlobalIDString = 69C4F2C31F00607600B76FCB;
			remoteInfo = "bluetooth-demo WatchKit App";
		};
		69C4F2D51F00607600B76FCB /* PBXContainerItemProxy */ = {
			isa = PBXContainerItemProxy;
			containerPortal = 69C4F2AA1F00607600B76FCB /* Project object */;
			proxyType = 1;
			remoteGlobalIDString = 69C4F2D21F00607600B76FCB;
			remoteInfo = "bluetooth-demo WatchKit Extension";
		};
/* End PBXContainerItemProxy section */

/* Begin PBXCopyFilesBuildPhase section */
		69C4F2E41F00607600B76FCB /* Embed App Extensions */ = {
			isa = PBXCopyFilesBuildPhase;
			buildActionMask = 2147483647;
			dstPath = "";
			dstSubfolderSpec = 13;
			files = (
				69C4F2D41F00607600B76FCB /* bluetooth-demo WatchKit Extension.appex in Embed App Extensions */,
			);
			name = "Embed App Extensions";
			runOnlyForDeploymentPostprocessing = 0;
		};
		69C4F2E81F00607600B76FCB /* Embed Watch Content */ = {
			isa = PBXCopyFilesBuildPhase;
			buildActionMask = 2147483647;
			dstPath = "$(CONTENTS_FOLDER_PATH)/Watch";
			dstSubfolderSpec = 16;
			files = (
				69C4F2C51F00607600B76FCB /* bluetooth-demo WatchKit App.app in Embed Watch Content */,
			);
			name = "Embed Watch Content";
			runOnlyForDeploymentPostprocessing = 0;
		};
/* End PBXCopyFilesBuildPhase section */

/* Begin PBXFileReference section */
		690C995E1F006F8E00864897 /* MyPeripheral.swift */ = {isa = PBXFileReference; lastKnownFileType = sourcecode.swift; path = MyPeripheral.swift; sourceTree = "<group>"; };
		690C99621F00868000864897 /* bluetooth-mac-demo.entitlements */ = {isa = PBXFileReference; lastKnownFileType = text.plist.entitlements; path = "bluetooth-mac-demo.entitlements"; sourceTree = "<group>"; };
		69206F441F0061FE0012365B /* WatchYourBluetooth.swift */ = {isa = PBXFileReference; lastKnownFileType = sourcecode.swift; path = WatchYourBluetooth.swift; sourceTree = "<group>"; };
		69206F491F0061FE0012365B /* ExtensionDelegate.swift */ = {isa = PBXFileReference; lastKnownFileType = sourcecode.swift; path = ExtensionDelegate.swift; sourceTree = "<group>"; };
		697E85731F00682E003B925C /* bluetooth-mac-demo.app */ = {isa = PBXFileReference; explicitFileType = wrapper.application; includeInIndex = 0; path = "bluetooth-mac-demo.app"; sourceTree = BUILT_PRODUCTS_DIR; };
		697E85751F00682E003B925C /* AppDelegate.swift */ = {isa = PBXFileReference; lastKnownFileType = sourcecode.swift; path = AppDelegate.swift; sourceTree = "<group>"; };
		697E85771F00682E003B925C /* ViewController.swift */ = {isa = PBXFileReference; lastKnownFileType = sourcecode.swift; path = ViewController.swift; sourceTree = "<group>"; };
		697E85791F00682E003B925C /* Assets.xcassets */ = {isa = PBXFileReference; lastKnownFileType = folder.assetcatalog; path = Assets.xcassets; sourceTree = "<group>"; };
		697E857E1F00682E003B925C /* Info.plist */ = {isa = PBXFileReference; lastKnownFileType = text.plist.xml; path = Info.plist; sourceTree = "<group>"; };
		69C4F2B21F00607600B76FCB /* bluetooth-demo.app */ = {isa = PBXFileReference; explicitFileType = wrapper.application; includeInIndex = 0; path = "bluetooth-demo.app"; sourceTree = BUILT_PRODUCTS_DIR; };
		69C4F2B51F00607600B76FCB /* AppDelegate.swift */ = {isa = PBXFileReference; lastKnownFileType = sourcecode.swift; path = AppDelegate.swift; sourceTree = "<group>"; };
		69C4F2B71F00607600B76FCB /* ViewController.swift */ = {isa = PBXFileReference; lastKnownFileType = sourcecode.swift; path = ViewController.swift; sourceTree = "<group>"; };
		69C4F2BA1F00607600B76FCB /* Base */ = {isa = PBXFileReference; lastKnownFileType = file.storyboard; name = Base; path = Base.lproj/Main.storyboard; sourceTree = "<group>"; };
		69C4F2BC1F00607600B76FCB /* Assets.xcassets */ = {isa = PBXFileReference; lastKnownFileType = folder.assetcatalog; path = Assets.xcassets; sourceTree = "<group>"; };
		69C4F2BF1F00607600B76FCB /* Base */ = {isa = PBXFileReference; lastKnownFileType = file.storyboard; name = Base; path = Base.lproj/LaunchScreen.storyboard; sourceTree = "<group>"; };
		69C4F2C11F00607600B76FCB /* Info.plist */ = {isa = PBXFileReference; lastKnownFileType = text.plist.xml; path = Info.plist; sourceTree = "<group>"; };
		69C4F2C41F00607600B76FCB /* bluetooth-demo WatchKit App.app */ = {isa = PBXFileReference; explicitFileType = wrapper.application; includeInIndex = 0; path = "bluetooth-demo WatchKit App.app"; sourceTree = BUILT_PRODUCTS_DIR; };
		69C4F2CA1F00607600B76FCB /* Base */ = {isa = PBXFileReference; lastKnownFileType = file.storyboard; name = Base; path = Base.lproj/Interface.storyboard; sourceTree = "<group>"; };
		69C4F2CC1F00607600B76FCB /* Assets.xcassets */ = {isa = PBXFileReference; lastKnownFileType = folder.assetcatalog; path = Assets.xcassets; sourceTree = "<group>"; };
		69C4F2CE1F00607600B76FCB /* Info.plist */ = {isa = PBXFileReference; lastKnownFileType = text.plist.xml; path = Info.plist; sourceTree = "<group>"; };
		69C4F2D31F00607600B76FCB /* bluetooth-demo WatchKit Extension.appex */ = {isa = PBXFileReference; explicitFileType = "wrapper.app-extension"; includeInIndex = 0; path = "bluetooth-demo WatchKit Extension.appex"; sourceTree = BUILT_PRODUCTS_DIR; };
		69C4F2D81F00607600B76FCB /* InterfaceController.swift */ = {isa = PBXFileReference; lastKnownFileType = sourcecode.swift; path = InterfaceController.swift; sourceTree = "<group>"; };
		69C4F2DC1F00607600B76FCB /* Assets.xcassets */ = {isa = PBXFileReference; lastKnownFileType = folder.assetcatalog; path = Assets.xcassets; sourceTree = "<group>"; };
		69C4F2DE1F00607600B76FCB /* Info.plist */ = {isa = PBXFileReference; lastKnownFileType = text.plist.xml; path = Info.plist; sourceTree = "<group>"; };
		69F54F251F01136C0005F8F5 /* Main.storyboard */ = {isa = PBXFileReference; lastKnownFileType = file.storyboard; path = Main.storyboard; sourceTree = "<group>"; };
/* End PBXFileReference section */

/* Begin PBXFrameworksBuildPhase section */
		697E85701F00682E003B925C /* Frameworks */ = {
			isa = PBXFrameworksBuildPhase;
			buildActionMask = 2147483647;
			files = (
			);
			runOnlyForDeploymentPostprocessing = 0;
		};
		69C4F2AF1F00607600B76FCB /* Frameworks */ = {
			isa = PBXFrameworksBuildPhase;
			buildActionMask = 2147483647;
			files = (
			);
			runOnlyForDeploymentPostprocessing = 0;
		};
		69C4F2D01F00607600B76FCB /* Frameworks */ = {
			isa = PBXFrameworksBuildPhase;
			buildActionMask = 2147483647;
			files = (
			);
			runOnlyForDeploymentPostprocessing = 0;
		};
/* End PBXFrameworksBuildPhase section */

/* Begin PBXGroup section */
		697E85741F00682E003B925C /* bluetooth-mac-demo */ = {
			isa = PBXGroup;
			children = (
				69F54F251F01136C0005F8F5 /* Main.storyboard */,
				697E85751F00682E003B925C /* AppDelegate.swift */,
				697E85771F00682E003B925C /* ViewController.swift */,
				690C995E1F006F8E00864897 /* MyPeripheral.swift */,
				697E85791F00682E003B925C /* Assets.xcassets */,
				697E857E1F00682E003B925C /* Info.plist */,
				690C99621F00868000864897 /* bluetooth-mac-demo.entitlements */,
			);
			path = "bluetooth-mac-demo";
			sourceTree = "<group>";
		};
		69C4F2A91F00607600B76FCB = {
			isa = PBXGroup;
			children = (
				69F54F211F0111930005F8F5 /* common */,
				69C4F2B41F00607600B76FCB /* bluetooth-demo */,
				69C4F2C81F00607600B76FCB /* bluetooth-demo WatchKit App */,
				69C4F2D71F00607600B76FCB /* bluetooth-demo WatchKit Extension */,
				697E85741F00682E003B925C /* bluetooth-mac-demo */,
				69C4F2B31F00607600B76FCB /* Products */,
			);
			sourceTree = "<group>";
		};
		69C4F2B31F00607600B76FCB /* Products */ = {
			isa = PBXGroup;
			children = (
				69C4F2B21F00607600B76FCB /* bluetooth-demo.app */,
				69C4F2C41F00607600B76FCB /* bluetooth-demo WatchKit App.app */,
				69C4F2D31F00607600B76FCB /* bluetooth-demo WatchKit Extension.appex */,
				697E85731F00682E003B925C /* bluetooth-mac-demo.app */,
			);
			name = Products;
			sourceTree = "<group>";
		};
		69C4F2B41F00607600B76FCB /* bluetooth-demo */ = {
			isa = PBXGroup;
			children = (
				69C4F2B51F00607600B76FCB /* AppDelegate.swift */,
				69C4F2B71F00607600B76FCB /* ViewController.swift */,
				69C4F2B91F00607600B76FCB /* Main.storyboard */,
				69C4F2BC1F00607600B76FCB /* Assets.xcassets */,
				69C4F2BE1F00607600B76FCB /* LaunchScreen.storyboard */,
				69C4F2C11F00607600B76FCB /* Info.plist */,
			);
			path = "bluetooth-demo";
			sourceTree = "<group>";
		};
		69C4F2C81F00607600B76FCB /* bluetooth-demo WatchKit App */ = {
			isa = PBXGroup;
			children = (
				69C4F2C91F00607600B76FCB /* Interface.storyboard */,
				69C4F2CC1F00607600B76FCB /* Assets.xcassets */,
				69C4F2CE1F00607600B76FCB /* Info.plist */,
			);
			path = "bluetooth-demo WatchKit App";
			sourceTree = "<group>";
		};
		69C4F2D71F00607600B76FCB /* bluetooth-demo WatchKit Extension */ = {
			isa = PBXGroup;
			children = (
				69206F491F0061FE0012365B /* ExtensionDelegate.swift */,
				69C4F2D81F00607600B76FCB /* InterfaceController.swift */,
				69C4F2DC1F00607600B76FCB /* Assets.xcassets */,
				69C4F2DE1F00607600B76FCB /* Info.plist */,
			);
			path = "bluetooth-demo WatchKit Extension";
			sourceTree = "<group>";
		};
		69F54F211F0111930005F8F5 /* common */ = {
			isa = PBXGroup;
			children = (
				69206F441F0061FE0012365B /* WatchYourBluetooth.swift */,
			);
			name = common;
			sourceTree = "<group>";
		};
/* End PBXGroup section */

/* Begin PBXNativeTarget section */
		697E85721F00682E003B925C /* bluetooth-mac-demo */ = {
			isa = PBXNativeTarget;
			buildConfigurationList = 697E85801F00682E003B925C /* Build configuration list for PBXNativeTarget "bluetooth-mac-demo" */;
			buildPhases = (
				697E856F1F00682E003B925C /* Sources */,
				697E85701F00682E003B925C /* Frameworks */,
				697E85711F00682E003B925C /* Resources */,
			);
			buildRules = (
			);
			dependencies = (
			);
			name = "bluetooth-mac-demo";
			productName = "bluetooth-mac-demo";
			productReference = 697E85731F00682E003B925C /* bluetooth-mac-demo.app */;
			productType = "com.apple.product-type.application";
		};
		69C4F2B11F00607600B76FCB /* bluetooth-demo */ = {
			isa = PBXNativeTarget;
			buildConfigurationList = 69C4F2E91F00607600B76FCB /* Build configuration list for PBXNativeTarget "bluetooth-demo" */;
			buildPhases = (
				69C4F2AE1F00607600B76FCB /* Sources */,
				69C4F2AF1F00607600B76FCB /* Frameworks */,
				69C4F2B01F00607600B76FCB /* Resources */,
				69C4F2E81F00607600B76FCB /* Embed Watch Content */,
			);
			buildRules = (
			);
			dependencies = (
				69C4F2C71F00607600B76FCB /* PBXTargetDependency */,
			);
			name = "bluetooth-demo";
			productName = "bluetooth-demo";
			productReference = 69C4F2B21F00607600B76FCB /* bluetooth-demo.app */;
			productType = "com.apple.product-type.application";
		};
		69C4F2C31F00607600B76FCB /* bluetooth-demo WatchKit App */ = {
			isa = PBXNativeTarget;
			buildConfigurationList = 69C4F2E51F00607600B76FCB /* Build configuration list for PBXNativeTarget "bluetooth-demo WatchKit App" */;
			buildPhases = (
				69C4F2C21F00607600B76FCB /* Resources */,
				69C4F2E41F00607600B76FCB /* Embed App Extensions */,
			);
			buildRules = (
			);
			dependencies = (
				69C4F2D61F00607600B76FCB /* PBXTargetDependency */,
			);
			name = "bluetooth-demo WatchKit App";
			productName = "bluetooth-demo WatchKit App";
			productReference = 69C4F2C41F00607600B76FCB /* bluetooth-demo WatchKit App.app */;
			productType = "com.apple.product-type.application.watchapp2";
		};
		69C4F2D21F00607600B76FCB /* bluetooth-demo WatchKit Extension */ = {
			isa = PBXNativeTarget;
			buildConfigurationList = 69C4F2E11F00607600B76FCB /* Build configuration list for PBXNativeTarget "bluetooth-demo WatchKit Extension" */;
			buildPhases = (
				69C4F2CF1F00607600B76FCB /* Sources */,
				69C4F2D01F00607600B76FCB /* Frameworks */,
				69C4F2D11F00607600B76FCB /* Resources */,
			);
			buildRules = (
			);
			dependencies = (
			);
			name = "bluetooth-demo WatchKit Extension";
			productName = "bluetooth-demo WatchKit Extension";
			productReference = 69C4F2D31F00607600B76FCB /* bluetooth-demo WatchKit Extension.appex */;
			productType = "com.apple.product-type.watchkit2-extension";
		};
/* End PBXNativeTarget section */

/* Begin PBXProject section */
		69C4F2AA1F00607600B76FCB /* Project object */ = {
			isa = PBXProject;
			attributes = {
				LastSwiftUpdateCheck = 0900;
				LastUpgradeCheck = 0900;
				ORGANIZATIONNAME = "Maciej Piotrowski";
				TargetAttributes = {
					697E85721F00682E003B925C = {
						CreatedOnToolsVersion = 9.0;
					};
					69C4F2B11F00607600B76FCB = {
						CreatedOnToolsVersion = 9.0;
					};
					69C4F2C31F00607600B76FCB = {
						CreatedOnToolsVersion = 9.0;
					};
					69C4F2D21F00607600B76FCB = {
						CreatedOnToolsVersion = 9.0;
					};
				};
			};
			buildConfigurationList = 69C4F2AD1F00607600B76FCB /* Build configuration list for PBXProject "bluetooth-demo" */;
			compatibilityVersion = "Xcode 8.0";
			developmentRegion = en;
			hasScannedForEncodings = 0;
			knownRegions = (
				en,
				Base,
			);
			mainGroup = 69C4F2A91F00607600B76FCB;
			productRefGroup = 69C4F2B31F00607600B76FCB /* Products */;
			projectDirPath = "";
			projectRoot = "";
			targets = (
				69C4F2B11F00607600B76FCB /* bluetooth-demo */,
				69C4F2C31F00607600B76FCB /* bluetooth-demo WatchKit App */,
				69C4F2D21F00607600B76FCB /* bluetooth-demo WatchKit Extension */,
				697E85721F00682E003B925C /* bluetooth-mac-demo */,
			);
		};
/* End PBXProject section */

/* Begin PBXResourcesBuildPhase section */
		697E85711F00682E003B925C /* Resources */ = {
			isa = PBXResourcesBuildPhase;
			buildActionMask = 2147483647;
			files = (
				697E857A1F00682E003B925C /* Assets.xcassets in Resources */,
				69F54F261F0113840005F8F5 /* Main.storyboard in Resources */,
			);
			runOnlyForDeploymentPostprocessing = 0;
		};
		69C4F2B01F00607600B76FCB /* Resources */ = {
			isa = PBXResourcesBuildPhase;
			buildActionMask = 2147483647;
			files = (
				69C4F2C01F00607600B76FCB /* LaunchScreen.storyboard in Resources */,
				69C4F2BD1F00607600B76FCB /* Assets.xcassets in Resources */,
				69C4F2BB1F00607600B76FCB /* Main.storyboard in Resources */,
			);
			runOnlyForDeploymentPostprocessing = 0;
		};
		69C4F2C21F00607600B76FCB /* Resources */ = {
			isa = PBXResourcesBuildPhase;
			buildActionMask = 2147483647;
			files = (
				69C4F2CD1F00607600B76FCB /* Assets.xcassets in Resources */,
				69C4F2CB1F00607600B76FCB /* Interface.storyboard in Resources */,
			);
			runOnlyForDeploymentPostprocessing = 0;
		};
		69C4F2D11F00607600B76FCB /* Resources */ = {
			isa = PBXResourcesBuildPhase;
			buildActionMask = 2147483647;
			files = (
				69C4F2DD1F00607600B76FCB /* Assets.xcassets in Resources */,
			);
			runOnlyForDeploymentPostprocessing = 0;
		};
/* End PBXResourcesBuildPhase section */

/* Begin PBXSourcesBuildPhase section */
		697E856F1F00682E003B925C /* Sources */ = {
			isa = PBXSourcesBuildPhase;
			buildActionMask = 2147483647;
			files = (
				697E85781F00682E003B925C /* ViewController.swift in Sources */,
				697E85761F00682E003B925C /* AppDelegate.swift in Sources */,
				690C995F1F006F8E00864897 /* MyPeripheral.swift in Sources */,
				690C99601F0072FC00864897 /* WatchYourBluetooth.swift in Sources */,
			);
			runOnlyForDeploymentPostprocessing = 0;
		};
		69C4F2AE1F00607600B76FCB /* Sources */ = {
			isa = PBXSourcesBuildPhase;
			buildActionMask = 2147483647;
			files = (
				69C4F2B81F00607600B76FCB /* ViewController.swift in Sources */,
				69C4F2B61F00607600B76FCB /* AppDelegate.swift in Sources */,
				69F54F1E1F010D950005F8F5 /* WatchYourBluetooth.swift in Sources */,
			);
			runOnlyForDeploymentPostprocessing = 0;
		};
		69C4F2CF1F00607600B76FCB /* Sources */ = {
			isa = PBXSourcesBuildPhase;
			buildActionMask = 2147483647;
			files = (
				69206F541F00625A0012365B /* WatchYourBluetooth.swift in Sources */,
				69206F511F00625A0012365B /* InterfaceController.swift in Sources */,
				69206F501F00625A0012365B /* ExtensionDelegate.swift in Sources */,
			);
			runOnlyForDeploymentPostprocessing = 0;
		};
/* End PBXSourcesBuildPhase section */

/* Begin PBXTargetDependency section */
		69C4F2C71F00607600B76FCB /* PBXTargetDependency */ = {
			isa = PBXTargetDependency;
			target = 69C4F2C31F00607600B76FCB /* bluetooth-demo WatchKit App */;
			targetProxy = 69C4F2C61F00607600B76FCB /* PBXContainerItemProxy */;
		};
		69C4F2D61F00607600B76FCB /* PBXTargetDependency */ = {
			isa = PBXTargetDependency;
			target = 69C4F2D21F00607600B76FCB /* bluetooth-demo WatchKit Extension */;
			targetProxy = 69C4F2D51F00607600B76FCB /* PBXContainerItemProxy */;
		};
/* End PBXTargetDependency section */

/* Begin PBXVariantGroup section */
		69C4F2B91F00607600B76FCB /* Main.storyboard */ = {
			isa = PBXVariantGroup;
			children = (
				69C4F2BA1F00607600B76FCB /* Base */,
			);
			name = Main.storyboard;
			sourceTree = "<group>";
		};
		69C4F2BE1F00607600B76FCB /* LaunchScreen.storyboard */ = {
			isa = PBXVariantGroup;
			children = (
				69C4F2BF1F00607600B76FCB /* Base */,
			);
			name = LaunchScreen.storyboard;
			sourceTree = "<group>";
		};
		69C4F2C91F00607600B76FCB /* Interface.storyboard */ = {
			isa = PBXVariantGroup;
			children = (
				69C4F2CA1F00607600B76FCB /* Base */,
			);
			name = Interface.storyboard;
			sourceTree = "<group>";
		};
/* End PBXVariantGroup section */

/* Begin XCBuildConfiguration section */
		697E85811F00682E003B925C /* Debug */ = {
			isa = XCBuildConfiguration;
			buildSettings = {
				ASSETCATALOG_COMPILER_APPICON_NAME = AppIcon;
				CODE_SIGN_ENTITLEMENTS = "bluetooth-mac-demo/bluetooth-mac-demo.entitlements";
				CODE_SIGN_IDENTITY = "Mac Developer";
				COMBINE_HIDPI_IMAGES = YES;
				DEVELOPMENT_TEAM = 5VHW7X9NK4;
				INFOPLIST_FILE = "bluetooth-mac-demo/Info.plist";
				LD_RUNPATH_SEARCH_PATHS = "$(inherited) @executable_path/../Frameworks";
				MACOSX_DEPLOYMENT_TARGET = 10.12;
				PRODUCT_BUNDLE_IDENTIFIER = "io.swifting.bluetooth-mac-demo";
				PRODUCT_NAME = "$(TARGET_NAME)";
				SDKROOT = macosx;
				SWIFT_VERSION = 4.0;
			};
			name = Debug;
		};
		697E85821F00682E003B925C /* Release */ = {
			isa = XCBuildConfiguration;
			buildSettings = {
				ASSETCATALOG_COMPILER_APPICON_NAME = AppIcon;
				CODE_SIGN_ENTITLEMENTS = "bluetooth-mac-demo/bluetooth-mac-demo.entitlements";
				CODE_SIGN_IDENTITY = "Mac Developer";
				COMBINE_HIDPI_IMAGES = YES;
				DEVELOPMENT_TEAM = 5VHW7X9NK4;
				INFOPLIST_FILE = "bluetooth-mac-demo/Info.plist";
				LD_RUNPATH_SEARCH_PATHS = "$(inherited) @executable_path/../Frameworks";
				MACOSX_DEPLOYMENT_TARGET = 10.12;
				PRODUCT_BUNDLE_IDENTIFIER = "io.swifting.bluetooth-mac-demo";
				PRODUCT_NAME = "$(TARGET_NAME)";
				SDKROOT = macosx;
				SWIFT_VERSION = 4.0;
			};
			name = Release;
		};
		69C4F2DF1F00607600B76FCB /* Debug */ = {
			isa = XCBuildConfiguration;
			buildSettings = {
				ALWAYS_SEARCH_USER_PATHS = NO;
				CLANG_ANALYZER_NONNULL = YES;
				CLANG_ANALYZER_NUMBER_OBJECT_CONVERSION = YES_AGGRESSIVE;
				CLANG_CXX_LANGUAGE_STANDARD = "gnu++14";
				CLANG_CXX_LIBRARY = "libc++";
				CLANG_ENABLE_MODULES = YES;
				CLANG_ENABLE_OBJC_ARC = YES;
				CLANG_WARN_BLOCK_CAPTURE_AUTORELEASING = YES;
				CLANG_WARN_BOOL_CONVERSION = YES;
				CLANG_WARN_COMMA = YES;
				CLANG_WARN_CONSTANT_CONVERSION = YES;
				CLANG_WARN_DIRECT_OBJC_ISA_USAGE = YES_ERROR;
				CLANG_WARN_DOCUMENTATION_COMMENTS = YES;
				CLANG_WARN_EMPTY_BODY = YES;
				CLANG_WARN_ENUM_CONVERSION = YES;
				CLANG_WARN_INFINITE_RECURSION = YES;
				CLANG_WARN_INT_CONVERSION = YES;
				CLANG_WARN_NON_LITERAL_NULL_CONVERSION = YES;
				CLANG_WARN_OBJC_LITERAL_CONVERSION = YES;
				CLANG_WARN_OBJC_ROOT_CLASS = YES_ERROR;
				CLANG_WARN_RANGE_LOOP_ANALYSIS = YES;
				CLANG_WARN_STRICT_PROTOTYPES = YES;
				CLANG_WARN_SUSPICIOUS_MOVE = YES;
				CLANG_WARN_UNGUARDED_AVAILABILITY = YES_AGGRESSIVE;
				CLANG_WARN_UNREACHABLE_CODE = YES;
				CLANG_WARN__DUPLICATE_METHOD_MATCH = YES;
				CODE_SIGN_IDENTITY = "iPhone Developer";
				COPY_PHASE_STRIP = NO;
				DEBUG_INFORMATION_FORMAT = dwarf;
				ENABLE_STRICT_OBJC_MSGSEND = YES;
				ENABLE_TESTABILITY = YES;
				GCC_C_LANGUAGE_STANDARD = gnu11;
				GCC_DYNAMIC_NO_PIC = NO;
				GCC_NO_COMMON_BLOCKS = YES;
				GCC_OPTIMIZATION_LEVEL = 0;
				GCC_PREPROCESSOR_DEFINITIONS = (
					"DEBUG=1",
					"$(inherited)",
				);
				GCC_WARN_64_TO_32_BIT_CONVERSION = YES;
				GCC_WARN_ABOUT_RETURN_TYPE = YES_ERROR;
				GCC_WARN_UNDECLARED_SELECTOR = YES;
				GCC_WARN_UNINITIALIZED_AUTOS = YES_AGGRESSIVE;
				GCC_WARN_UNUSED_FUNCTION = YES;
				GCC_WARN_UNUSED_VARIABLE = YES;
				IPHONEOS_DEPLOYMENT_TARGET = 11.0;
				MTL_ENABLE_DEBUG_INFO = YES;
				ONLY_ACTIVE_ARCH = YES;
				SDKROOT = iphoneos;
				SWIFT_ACTIVE_COMPILATION_CONDITIONS = DEBUG;
				SWIFT_OPTIMIZATION_LEVEL = "-Onone";
			};
			name = Debug;
		};
		69C4F2E01F00607600B76FCB /* Release */ = {
			isa = XCBuildConfiguration;
			buildSettings = {
				ALWAYS_SEARCH_USER_PATHS = NO;
				CLANG_ANALYZER_NONNULL = YES;
				CLANG_ANALYZER_NUMBER_OBJECT_CONVERSION = YES_AGGRESSIVE;
				CLANG_CXX_LANGUAGE_STANDARD = "gnu++14";
				CLANG_CXX_LIBRARY = "libc++";
				CLANG_ENABLE_MODULES = YES;
				CLANG_ENABLE_OBJC_ARC = YES;
				CLANG_WARN_BLOCK_CAPTURE_AUTORELEASING = YES;
				CLANG_WARN_BOOL_CONVERSION = YES;
				CLANG_WARN_COMMA = YES;
				CLANG_WARN_CONSTANT_CONVERSION = YES;
				CLANG_WARN_DIRECT_OBJC_ISA_USAGE = YES_ERROR;
				CLANG_WARN_DOCUMENTATION_COMMENTS = YES;
				CLANG_WARN_EMPTY_BODY = YES;
				CLANG_WARN_ENUM_CONVERSION = YES;
				CLANG_WARN_INFINITE_RECURSION = YES;
				CLANG_WARN_INT_CONVERSION = YES;
				CLANG_WARN_NON_LITERAL_NULL_CONVERSION = YES;
				CLANG_WARN_OBJC_LITERAL_CONVERSION = YES;
				CLANG_WARN_OBJC_ROOT_CLASS = YES_ERROR;
				CLANG_WARN_RANGE_LOOP_ANALYSIS = YES;
				CLANG_WARN_STRICT_PROTOTYPES = YES;
				CLANG_WARN_SUSPICIOUS_MOVE = YES;
				CLANG_WARN_UNGUARDED_AVAILABILITY = YES_AGGRESSIVE;
				CLANG_WARN_UNREACHABLE_CODE = YES;
				CLANG_WARN__DUPLICATE_METHOD_MATCH = YES;
				CODE_SIGN_IDENTITY = "iPhone Developer";
				COPY_PHASE_STRIP = NO;
				DEBUG_INFORMATION_FORMAT = "dwarf-with-dsym";
				ENABLE_NS_ASSERTIONS = NO;
				ENABLE_STRICT_OBJC_MSGSEND = YES;
				GCC_C_LANGUAGE_STANDARD = gnu11;
				GCC_NO_COMMON_BLOCKS = YES;
				GCC_WARN_64_TO_32_BIT_CONVERSION = YES;
				GCC_WARN_ABOUT_RETURN_TYPE = YES_ERROR;
				GCC_WARN_UNDECLARED_SELECTOR = YES;
				GCC_WARN_UNINITIALIZED_AUTOS = YES_AGGRESSIVE;
				GCC_WARN_UNUSED_FUNCTION = YES;
				GCC_WARN_UNUSED_VARIABLE = YES;
				IPHONEOS_DEPLOYMENT_TARGET = 11.0;
				MTL_ENABLE_DEBUG_INFO = NO;
				SDKROOT = iphoneos;
				SWIFT_OPTIMIZATION_LEVEL = "-Owholemodule";
				VALIDATE_PRODUCT = YES;
			};
			name = Release;
		};
		69C4F2E21F00607600B76FCB /* Debug */ = {
			isa = XCBuildConfiguration;
			buildSettings = {
				ASSETCATALOG_COMPILER_COMPLICATION_NAME = Complication;
				DEVELOPMENT_TEAM = 5VHW7X9NK4;
				INFOPLIST_FILE = "bluetooth-demo WatchKit Extension/Info.plist";
				LD_RUNPATH_SEARCH_PATHS = "$(inherited) @executable_path/Frameworks @executable_path/../../Frameworks";
				PRODUCT_BUNDLE_IDENTIFIER = "io.swifting.bluetooth-demo.watchkitapp.watchkitextension";
				PRODUCT_NAME = "${TARGET_NAME}";
				SDKROOT = watchos;
				SKIP_INSTALL = YES;
				SWIFT_VERSION = 4.0;
				TARGETED_DEVICE_FAMILY = 4;
				WATCHOS_DEPLOYMENT_TARGET = 4.0;
			};
			name = Debug;
		};
		69C4F2E31F00607600B76FCB /* Release */ = {
			isa = XCBuildConfiguration;
			buildSettings = {
				ASSETCATALOG_COMPILER_COMPLICATION_NAME = Complication;
				DEVELOPMENT_TEAM = 5VHW7X9NK4;
				INFOPLIST_FILE = "bluetooth-demo WatchKit Extension/Info.plist";
				LD_RUNPATH_SEARCH_PATHS = "$(inherited) @executable_path/Frameworks @executable_path/../../Frameworks";
				PRODUCT_BUNDLE_IDENTIFIER = "io.swifting.bluetooth-demo.watchkitapp.watchkitextension";
				PRODUCT_NAME = "${TARGET_NAME}";
				SDKROOT = watchos;
				SKIP_INSTALL = YES;
				SWIFT_VERSION = 4.0;
				TARGETED_DEVICE_FAMILY = 4;
				WATCHOS_DEPLOYMENT_TARGET = 4.0;
			};
			name = Release;
		};
		69C4F2E61F00607600B76FCB /* Debug */ = {
			isa = XCBuildConfiguration;
			buildSettings = {
				ALWAYS_EMBED_SWIFT_STANDARD_LIBRARIES = YES;
				ASSETCATALOG_COMPILER_APPICON_NAME = AppIcon;
				DEVELOPMENT_TEAM = 5VHW7X9NK4;
				IBSC_MODULE = bluetooth_demo_WatchKit_Extension;
				INFOPLIST_FILE = "bluetooth-demo WatchKit App/Info.plist";
				PRODUCT_BUNDLE_IDENTIFIER = "io.swifting.bluetooth-demo.watchkitapp";
				PRODUCT_NAME = "$(TARGET_NAME)";
				SDKROOT = watchos;
				SKIP_INSTALL = YES;
				SWIFT_VERSION = 4.0;
				TARGETED_DEVICE_FAMILY = 4;
				WATCHOS_DEPLOYMENT_TARGET = 4.0;
			};
			name = Debug;
		};
		69C4F2E71F00607600B76FCB /* Release */ = {
			isa = XCBuildConfiguration;
			buildSettings = {
				ALWAYS_EMBED_SWIFT_STANDARD_LIBRARIES = YES;
				ASSETCATALOG_COMPILER_APPICON_NAME = AppIcon;
				DEVELOPMENT_TEAM = 5VHW7X9NK4;
				IBSC_MODULE = bluetooth_demo_WatchKit_Extension;
				INFOPLIST_FILE = "bluetooth-demo WatchKit App/Info.plist";
				PRODUCT_BUNDLE_IDENTIFIER = "io.swifting.bluetooth-demo.watchkitapp";
				PRODUCT_NAME = "$(TARGET_NAME)";
				SDKROOT = watchos;
				SKIP_INSTALL = YES;
				SWIFT_VERSION = 4.0;
				TARGETED_DEVICE_FAMILY = 4;
				WATCHOS_DEPLOYMENT_TARGET = 4.0;
			};
			name = Release;
		};
		69C4F2EA1F00607600B76FCB /* Debug */ = {
			isa = XCBuildConfiguration;
			buildSettings = {
				ASSETCATALOG_COMPILER_APPICON_NAME = AppIcon;
				DEVELOPMENT_TEAM = 5VHW7X9NK4;
				INFOPLIST_FILE = "bluetooth-demo/Info.plist";
				LD_RUNPATH_SEARCH_PATHS = "$(inherited) @executable_path/Frameworks";
				PRODUCT_BUNDLE_IDENTIFIER = "io.swifting.bluetooth-demo";
				PRODUCT_NAME = "$(TARGET_NAME)";
				SWIFT_VERSION = 4.0;
				TARGETED_DEVICE_FAMILY = "1,2";
			};
			name = Debug;
		};
		69C4F2EB1F00607600B76FCB /* Release */ = {
			isa = XCBuildConfiguration;
			buildSettings = {
				ASSETCATALOG_COMPILER_APPICON_NAME = AppIcon;
				DEVELOPMENT_TEAM = 5VHW7X9NK4;
				INFOPLIST_FILE = "bluetooth-demo/Info.plist";
				LD_RUNPATH_SEARCH_PATHS = "$(inherited) @executable_path/Frameworks";
				PRODUCT_BUNDLE_IDENTIFIER = "io.swifting.bluetooth-demo";
				PRODUCT_NAME = "$(TARGET_NAME)";
				SWIFT_VERSION = 4.0;
				TARGETED_DEVICE_FAMILY = "1,2";
			};
			name = Release;
		};
/* End XCBuildConfiguration section */

/* Begin XCConfigurationList section */
		697E85801F00682E003B925C /* Build configuration list for PBXNativeTarget "bluetooth-mac-demo" */ = {
			isa = XCConfigurationList;
			buildConfigurations = (
				697E85811F00682E003B925C /* Debug */,
				697E85821F00682E003B925C /* Release */,
			);
			defaultConfigurationIsVisible = 0;
			defaultConfigurationName = Release;
		};
		69C4F2AD1F00607600B76FCB /* Build configuration list for PBXProject "bluetooth-demo" */ = {
			isa = XCConfigurationList;
			buildConfigurations = (
				69C4F2DF1F00607600B76FCB /* Debug */,
				69C4F2E01F00607600B76FCB /* Release */,
			);
			defaultConfigurationIsVisible = 0;
			defaultConfigurationName = Release;
		};
		69C4F2E11F00607600B76FCB /* Build configuration list for PBXNativeTarget "bluetooth-demo WatchKit Extension" */ = {
			isa = XCConfigurationList;
			buildConfigurations = (
				69C4F2E21F00607600B76FCB /* Debug */,
				69C4F2E31F00607600B76FCB /* Release */,
			);
			defaultConfigurationIsVisible = 0;
			defaultConfigurationName = Release;
		};
		69C4F2E51F00607600B76FCB /* Build configuration list for PBXNativeTarget "bluetooth-demo WatchKit App" */ = {
			isa = XCConfigurationList;
			buildConfigurations = (
				69C4F2E61F00607600B76FCB /* Debug */,
				69C4F2E71F00607600B76FCB /* Release */,
			);
			defaultConfigurationIsVisible = 0;
			defaultConfigurationName = Release;
		};
		69C4F2E91F00607600B76FCB /* Build configuration list for PBXNativeTarget "bluetooth-demo" */ = {
			isa = XCConfigurationList;
			buildConfigurations = (
				69C4F2EA1F00607600B76FCB /* Debug */,
				69C4F2EB1F00607600B76FCB /* Release */,
			);
			defaultConfigurationIsVisible = 0;
			defaultConfigurationName = Release;
		};
/* End XCConfigurationList section */
	};
	rootObject = 69C4F2AA1F00607600B76FCB /* Project object */;
}
